
Microsoft Visual Studio Solution File, Format Version 12.00
# Visual Studio Version 17
VisualStudioVersion = 17.13.35825.156
MinimumVisualStudioVersion = 10.0.40219.1
Project("{8BC9CEB8-8B4A-11D0-8D11-00A0C91BC942}") = "YunoEngine", "YunoEngine\YunoEngine.vcxproj", "{CEB210F1-5107-40E0-A0CC-207C920418B6}"
	ProjectSection(ProjectDependencies) = postProject
		{CE3886A1-ACC6-4B3E-B173-4FFDEB44E0FB} = {CE3886A1-ACC6-4B3E-B173-4FFDEB44E0FB}
	EndProjectSection
EndProject
Project("{8BC9CEB8-8B4A-11D0-8D11-00A0C91BC942}") = "YunoGame", "YunoGame\YunoGame.vcxproj", "{6F20F6E3-AB1D-4D58-B117-1AA018D32777}"
	ProjectSection(ProjectDependencies) = postProject
		{CE3886A1-ACC6-4B3E-B173-4FFDEB44E0FB} = {CE3886A1-ACC6-4B3E-B173-4FFDEB44E0FB}
		{69684C5F-323B-4BBF-8E8F-EE62BF0ECA13} = {69684C5F-323B-4BBF-8E8F-EE62BF0ECA13}
	EndProjectSection
EndProject
Project("{8BC9CEB8-8B4A-11D0-8D11-00A0C91BC942}") = "YunoServer", "YunoServer\YunoServer.vcxproj", "{9585BF40-E4B6-4A74-9202-893D0377EDE2}"
	ProjectSection(ProjectDependencies) = postProject
		{69684C5F-323B-4BBF-8E8F-EE62BF0ECA13} = {69684C5F-323B-4BBF-8E8F-EE62BF0ECA13}
	EndProjectSection
EndProject
Project("{8BC9CEB8-8B4A-11D0-8D11-00A0C91BC942}") = "YunoNetProtocol", "YunoNetProtocol\YunoNetProtocol.vcxproj", "{69684C5F-323B-4BBF-8E8F-EE62BF0ECA13}"
EndProject
Project("{8BC9CEB8-8B4A-11D0-8D11-00A0C91BC942}") = "YunoImGui", "YunoImGui\YunoImGui.vcxproj", "{CE3886A1-ACC6-4B3E-B173-4FFDEB44E0FB}"
EndProject
Global
	GlobalSection(SolutionConfigurationPlatforms) = preSolution
		Debug|x64 = Debug|x64
		Debug|x86 = Debug|x86
		Release|x64 = Release|x64
		Release|x86 = Release|x86
	EndGlobalSection
	GlobalSection(ProjectConfigurationPlatforms) = postSolution
		{CEB210F1-5107-40E0-A0CC-207C920418B6}.Debug|x64.ActiveCfg = Debug|x64
		{CEB210F1-5107-40E0-A0CC-207C920418B6}.Debug|x64.Build.0 = Debug|x64
		{CEB210F1-5107-40E0-A0CC-207C920418B6}.Debug|x86.ActiveCfg = Debug|Win32
		{CEB210F1-5107-40E0-A0CC-207C920418B6}.Debug|x86.Build.0 = Debug|Win32
		{CEB210F1-5107-40E0-A0CC-207C920418B6}.Release|x64.ActiveCfg = Release|x64
		{CEB210F1-5107-40E0-A0CC-207C920418B6}.Release|x64.Build.0 = Release|x64
		{CEB210F1-5107-40E0-A0CC-207C920418B6}.Release|x86.ActiveCfg = Release|Win32
		{CEB210F1-5107-40E0-A0CC-207C920418B6}.Release|x86.Build.0 = Release|Win32
		{6F20F6E3-AB1D-4D58-B117-1AA018D32777}.Debug|x64.ActiveCfg = Debug|x64
		{6F20F6E3-AB1D-4D58-B117-1AA018D32777}.Debug|x64.Build.0 = Debug|x64
		{6F20F6E3-AB1D-4D58-B117-1AA018D32777}.Debug|x86.ActiveCfg = Debug|Win32
		{6F20F6E3-AB1D-4D58-B117-1AA018D32777}.Debug|x86.Build.0 = Debug|Win32
		{6F20F6E3-AB1D-4D58-B117-1AA018D32777}.Release|x64.ActiveCfg = Release|x64
		{6F20F6E3-AB1D-4D58-B117-1AA018D32777}.Release|x64.Build.0 = Release|x64
		{6F20F6E3-AB1D-4D58-B117-1AA018D32777}.Release|x86.ActiveCfg = Release|Win32
		{6F20F6E3-AB1D-4D58-B117-1AA018D32777}.Release|x86.Build.0 = Release|Win32
		{9585BF40-E4B6-4A74-9202-893D0377EDE2}.Debug|x64.ActiveCfg = Debug|x64
		{9585BF40-E4B6-4A74-9202-893D0377EDE2}.Debug|x64.Build.0 = Debug|x64
		{9585BF40-E4B6-4A74-9202-893D0377EDE2}.Debug|x86.ActiveCfg = Debug|Win32
		{9585BF40-E4B6-4A74-9202-893D0377EDE2}.Debug|x86.Build.0 = Debug|Win32
		{9585BF40-E4B6-4A74-9202-893D0377EDE2}.Release|x64.ActiveCfg = Release|x64
		{9585BF40-E4B6-4A74-9202-893D0377EDE2}.Release|x64.Build.0 = Release|x64
		{9585BF40-E4B6-4A74-9202-893D0377EDE2}.Release|x86.ActiveCfg = Release|Win32
		{9585BF40-E4B6-4A74-9202-893D0377EDE2}.Release|x86.Build.0 = Release|Win32
		{CE3886A1-ACC6-4B3E-B173-4FFDEB44E0FB}.Debug|x64.ActiveCfg = Debug|x64
		{CE3886A1-ACC6-4B3E-B173-4FFDEB44E0FB}.Debug|x64.Build.0 = Debug|x64
		{CE3886A1-ACC6-4B3E-B173-4FFDEB44E0FB}.Debug|x86.ActiveCfg = Debug|Win32
		{CE3886A1-ACC6-4B3E-B173-4FFDEB44E0FB}.Debug|x86.Build.0 = Debug|Win32
		{CE3886A1-ACC6-4B3E-B173-4FFDEB44E0FB}.Release|x64.ActiveCfg = Release|x64
		{CE3886A1-ACC6-4B3E-B173-4FFDEB44E0FB}.Release|x64.Build.0 = Release|x64
		{CE3886A1-ACC6-4B3E-B173-4FFDEB44E0FB}.Release|x86.ActiveCfg = Release|Win32
		{CE3886A1-ACC6-4B3E-B173-4FFDEB44E0FB}.Release|x86.Build.0 = Release|Win32

	EndGlobalSection
	GlobalSection(SolutionProperties) = preSolution
		HideSolutionNode = FALSE
	EndGlobalSection
	GlobalSection(ExtensibilityGlobals) = postSolution
		SolutionGuid = {DF9FA857-37A3-459E-9BE6-F4C176EAD97B}
	EndGlobalSection
EndGlobal
