<?xml version="1.0" encoding="utf-8"?>
<Project ToolsVersion="4.0" xmlns="http://schemas.microsoft.com/developer/msbuild/2003">
  <ItemGroup>
    <Filter Include="main">
      <UniqueIdentifier>{6a70feda-159a-4de9-91c5-b3f4aac0e982}</UniqueIdentifier>
    </Filter>
    <Filter Include="Game">
      <UniqueIdentifier>{e5031400-6bf3-4c86-ba41-ea8b0c14f304}</UniqueIdentifier>
    </Filter>
    <Filter Include="GamePCH">
      <UniqueIdentifier>{38f5e7a6-3988-4694-b80c-2399a2758a86}</UniqueIdentifier>
    </Filter>
    <Filter Include="Game\Object">
      <UniqueIdentifier>{4c21017b-91c4-436f-81a4-06b919079788}</UniqueIdentifier>
    </Filter>
    <Filter Include="Game\Object\Triangle">
      <UniqueIdentifier>{e8537736-ea68-49da-94b7-d29dc58e2b4f}</UniqueIdentifier>
    </Filter>
    <Filter Include="Game\Object\Quad">
      <UniqueIdentifier>{ecf648a9-22db-45d7-af4d-ce4d9e87cc76}</UniqueIdentifier>
    </Filter>
    <Filter Include="Scenes">
      <UniqueIdentifier>{dddf83ad-e69d-43b6-885b-f95b1e186a91}</UniqueIdentifier>
    </Filter>
    <Filter Include="System">
      <UniqueIdentifier>{9361046d-0731-4de1-9145-d90d338d0e82}</UniqueIdentifier>
    </Filter>
    <Filter Include="Game\Object\Building">
      <UniqueIdentifier>{634a52df-c3f6-426d-9088-ebdfd94c30d8}</UniqueIdentifier>
    </Filter>
    <Filter Include="Game\UI">
      <UniqueIdentifier>{7cf5f1df-0f47-4766-87b9-cbcce4497de0}</UniqueIdentifier>
    </Filter>
    <Filter Include="Game\UI\Image">
      <UniqueIdentifier>{886b6b45-32e8-4f8d-9c3a-1aeccba4ee20}</UniqueIdentifier>
    </Filter>
    <Filter Include="Game\UI\Slider">
      <UniqueIdentifier>{e189f2f1-ad82-43d5-8ce9-f8e63a9fe695}</UniqueIdentifier>
    </Filter>
    <Filter Include="Game\UI\Text">
      <UniqueIdentifier>{d75203f4-897b-4c72-ad75-a53257c6b5fa}</UniqueIdentifier>
    </Filter>
    <Filter Include="Game\UI\Button">
      <UniqueIdentifier>{de22c067-ae78-4163-9f35-1f853c353610}</UniqueIdentifier>
    </Filter>
    <Filter Include="Game\Object\Animation">
      <UniqueIdentifier>{111487a2-554f-421d-9895-5bb73c8b009f}</UniqueIdentifier>
    </Filter>
    <Filter Include="Game\Object\Dwarf">
      <UniqueIdentifier>{4819ede5-efc2-41cb-a857-f54b670b66ec}</UniqueIdentifier>
    </Filter>
    <Filter Include="Scenes\SceneTemplate">
      <UniqueIdentifier>{24b754d7-a2f6-4d5c-9cb2-02394ae55327}</UniqueIdentifier>
    </Filter>
    <Filter Include="ClientNetwork">
      <UniqueIdentifier>{2d17bd28-28ed-4da1-973f-f4a65f411c14}</UniqueIdentifier>
    </Filter>
    <Filter Include="Grid">
      <UniqueIdentifier>{62f4b4f1-4d1b-4c87-8c7e-cafa5783c38b}</UniqueIdentifier>
    </Filter>
    <Filter Include="Game\Object\Tile">
      <UniqueIdentifier>{53d9ecd0-a8b7-414e-afa4-5e30c489fd1b}</UniqueIdentifier>
    </Filter>
    <Filter Include="Game\Object\Piece">
      <UniqueIdentifier>{da3c17c2-968c-48e2-88f0-27e98aee6ca6}</UniqueIdentifier>
    </Filter>
    <Filter Include="PieceQueue">
      <UniqueIdentifier>{deaeb8de-8471-4f23-a138-eb612efde854}</UniqueIdentifier>
    </Filter>
    <Filter Include="System\GameContext">
      <UniqueIdentifier>{5e610e02-9910-4288-8003-55dcb20743a5}</UniqueIdentifier>
    </Filter>
    <Filter Include="System\UIContext">
      <UniqueIdentifier>{1f741ae9-459b-421b-b0c8-0c44d2028232}</UniqueIdentifier>
    </Filter>
    <Filter Include="Game\UI\Card">
      <UniqueIdentifier>{5dfe4c0c-0b5d-493b-8267-0e0bf6b67d3f}</UniqueIdentifier>
    </Filter>
    <Filter Include="Game\UI\System">
      <UniqueIdentifier>{4d554d76-e075-4e88-9400-c5edee8bae71}</UniqueIdentifier>
    </Filter>
  </ItemGroup>
  <ItemGroup>
    <ClCompile Include="main.cpp">
      <Filter>main</Filter>
    </ClCompile>
    <ClCompile Include="GamePCH\pch.cpp">
      <Filter>GamePCH</Filter>
    </ClCompile>
    <ClCompile Include="Game\GameApp.cpp">
      <Filter>Game</Filter>
    </ClCompile>
    <ClCompile Include="Game\Object\Triangle.cpp">
      <Filter>Game\Object\Triangle</Filter>
    </ClCompile>
    <ClCompile Include="Game\Object\Quad.cpp">
      <Filter>Game\Object\Quad</Filter>
    </ClCompile>
    <ClCompile Include="Game\Object\Building.cpp">
      <Filter>Game\Object\Building</Filter>
    </ClCompile>
    <ClCompile Include="Game\Object\AnimTest.cpp">
      <Filter>Game\Object\Animation</Filter>
    </ClCompile>
    <ClCompile Include="Game\Object\Dwarf.cpp">
      <Filter>Game\Object\Dwarf</Filter>
    </ClCompile>
    <ClCompile Include="Scenes\PlayScene.cpp">
      <Filter>Scenes</Filter>
    </ClCompile>
    <ClCompile Include="Scenes\TitleScene.cpp">
      <Filter>Scenes</Filter>
    </ClCompile>
    <ClCompile Include="Scenes\SceneTemplate\SceneTemplate.cpp">
      <Filter>Scenes\SceneTemplate</Filter>
    </ClCompile>
    <ClCompile Include="Scenes\UIScene.cpp">
      <Filter>Scenes</Filter>
    </ClCompile>
    <ClCompile Include="Scenes\UIScene.cpp">
      <Filter>Scenes</Filter>
    </ClCompile>
    <ClCompile Include="ClientNetwork\YunoClientNetwork.cpp">
      <Filter>ClientNetwork</Filter>
    </ClCompile>
    <ClCompile Include="System\GridFactory.cpp">
      <Filter>Grid</Filter>
    </ClCompile>
    <ClCompile Include="Game\Object\GridLine.cpp">
      <Filter>Grid</Filter>
    </ClCompile>
    <ClCompile Include="System\GridSystem.cpp">
      <Filter>Grid</Filter>
    </ClCompile>
    <ClCompile Include="System\PlayGridSystem.cpp">
      <Filter>Grid</Filter>
    </ClCompile>
    <ClCompile Include="Game\Object\Tile.cpp">
      <Filter>Game\Object\Tile</Filter>
    </ClCompile>
    <ClCompile Include="Game\Object\Piece.cpp">
      <Filter>Game\Object\Piece</Filter>
    </ClCompile>
    <ClCompile Include="PieceQueue.cpp">
      <Filter>PieceQueue</Filter>
    </ClCompile>
    <ClCompile Include="Card.cpp">
      <Filter>Game\UI\Card</Filter>
    </ClCompile>
    <ClCompile Include="CardSlot.cpp">
      <Filter>Game\UI\Card</Filter>
    </ClCompile>
    <ClCompile Include="CardTable.cpp">
      <Filter>Game\UI\Card</Filter>
    </ClCompile>
  </ItemGroup>
  <ItemGroup>
    <ClInclude Include="GamePCH\pch.h">
      <Filter>GamePCH</Filter>
    </ClInclude>
    <ClInclude Include="Game\GameApp.h">
      <Filter>Game</Filter>
    </ClInclude>
    <ClInclude Include="Game\Object\Triangle.h">
      <Filter>Game\Object\Triangle</Filter>
    </ClInclude>
    <ClInclude Include="Game\Object\Quad.h">
      <Filter>Game\Object\Quad</Filter>
    </ClInclude>
    <ClInclude Include="Game\Object\Building.h">
      <Filter>Game\Object\Building</Filter>
    </ClInclude>
    <ClInclude Include="Game\Object\AnimTest.h">
      <Filter>Game\Object\Animation</Filter>
    </ClInclude>
    <ClInclude Include="Game\Object\Dwarf.h">
      <Filter>Game\Object\Dwarf</Filter>
    </ClInclude>
    <ClInclude Include="Scenes\PlayScene.h">
      <Filter>Scenes</Filter>
    </ClInclude>
    <ClInclude Include="Scenes\TitleScene.h">
      <Filter>Scenes</Filter>
    </ClInclude>
    <ClInclude Include="Scenes\SceneTemplate\SceneTemplate.h">
      <Filter>Scenes\SceneTemplate</Filter>
    </ClInclude>
    <ClInclude Include="Scenes\UIScene.h">
      <Filter>Scenes</Filter>
    </ClInclude>
    <ClInclude Include="System\UIScene_InputContext.h">
      <Filter>System\UIContext</Filter>
    </ClInclude>
    <ClInclude Include="System\Game_InputContext.h">
      <Filter>System\GameContext</Filter>
    </ClInclude>
    <ClInclude Include="System\SettingScene_InputContext.h">
      <Filter>System\UIContext</Filter>
    </ClInclude>
    <ClInclude Include="ClientNetwork\YunoClientNetwork.h">
      <Filter>ClientNetwork</Filter>
    </ClInclude>
    <ClInclude Include="System\GridFactory.h">
      <Filter>Grid</Filter>
    </ClInclude>
    <ClInclude Include="Game\Object\GridLine.h">
      <Filter>Grid</Filter>
    </ClInclude>
    <ClInclude Include="System\GridSystem.h">
      <Filter>Grid</Filter>
    </ClInclude>
    <ClInclude Include="System\IGridSystem.h">
      <Filter>Grid</Filter>
    </ClInclude>
    <ClInclude Include="System\PlayGridSystem.h">
      <Filter>Grid</Filter>
    </ClInclude>
    <ClInclude Include="Game\Object\Tile.h">
      <Filter>Game\Object\Tile</Filter>
    </ClInclude>
    <ClInclude Include="System\TileHelper.h">
      <Filter>Game\Object\Tile</Filter>
    </ClInclude>
    <ClInclude Include="System\PieceHelper.h">
      <Filter>Game\Object\Piece</Filter>
    </ClInclude>
    <ClInclude Include="Game\Object\Piece.h">
      <Filter>Game\Object\Piece</Filter>
    </ClInclude>
    <ClInclude Include="PieceQueue.h">
      <Filter>PieceQueue</Filter>
    </ClInclude>
    <ClInclude Include="CardTable.h">
      <Filter>Game\UI\Card</Filter>
    </ClInclude>
    <ClInclude Include="Card.h">
      <Filter>Game\UI\Card</Filter>
    </ClInclude>
    <ClInclude Include="CardActData.h">
      <Filter>Game\UI\Card</Filter>
    </ClInclude>
    <ClInclude Include="CardData.h">
      <Filter>Game\UI\Card</Filter>
    </ClInclude>
    <ClInclude Include="CardSlot.h">
      <Filter>Game\UI\Card</Filter>
    </ClInclude>
    <ClInclude Include="UIWidgets.h" />
  </ItemGroup>
</Project>