<?xml version="1.0" encoding="utf-8"?>
<Project ToolsVersion="4.0" xmlns="http://schemas.microsoft.com/developer/msbuild/2003">
  <ItemGroup>
    <Filter Include="main">
      <UniqueIdentifier>{6a70feda-159a-4de9-91c5-b3f4aac0e982}</UniqueIdentifier>
    </Filter>
    <Filter Include="Game">
      <UniqueIdentifier>{e5031400-6bf3-4c86-ba41-ea8b0c14f304}</UniqueIdentifier>
    </Filter>
    <Filter Include="GamePCH">
      <UniqueIdentifier>{38f5e7a6-3988-4694-b80c-2399a2758a86}</UniqueIdentifier>
    </Filter>
  </ItemGroup>
  <ItemGroup>
    <ClCompile Include="main.cpp">
      <Filter>main</Filter>
    </ClCompile>
    <ClCompile Include="GamePCH\pch.cpp">
      <Filter>GamePCH</Filter>
    </ClCompile>
    <ClCompile Include="Game\GameApp.cpp">
      <Filter>Game</Filter>
    </ClCompile>
  </ItemGroup>
  <ItemGroup>
    <ClInclude Include="GamePCH\pch.h">
      <Filter>GamePCH</Filter>
    </ClInclude>
    <ClInclude Include="Game\GameApp.h">
      <Filter>Game</Filter>
    </ClInclude>
  </ItemGroup>
</Project>