<?xml version="1.0" encoding="utf-8"?>
<Project ToolsVersion="4.0" xmlns="http://schemas.microsoft.com/developer/msbuild/2003">
  <ItemGroup>
    <ClCompile Include="CardConfirmArea.cpp" />
    <ClCompile Include="Game\UI\WidgetGridLine.cpp" />
    <ClCompile Include="Minimap.cpp" />
    <ClCompile Include="PlayerIcon.cpp" />
    <ClCompile Include="Emoji.cpp" />
    <ClCompile Include="Game\UI\CardCancelButton.cpp" />
    <ClCompile Include="Game\UI\CardConfirmButton.cpp" />
    <ClCompile Include="Game\UI\CardConfirmPanel.cpp" />
    <ClCompile Include="Game\UI\CardSelectionPanel.cpp" />
    <ClCompile Include="HealthGauge.cpp" />
    <ClCompile Include="HealthBar.cpp" />
    <ClCompile Include="SceneChangeButton.cpp" />
    <ClCompile Include="SpeechBubble.cpp" />
    <ClCompile Include="StaminaBar.cpp" />
    <ClCompile Include="StaminaGauge.cpp" />
    <ClCompile Include="System\BattlePackets.cpp" />
    <ClCompile Include="System\CardManager.cpp" />
    <ClCompile Include="System\CardRangeManager.cpp" />
    <ClCompile Include="Game\Object\TypeRegisterTemplate.cpp" />
    <ClCompile Include="Game\UI\ButtonTemplate.cpp" />
    <ClCompile Include="Game\UI\CardSlot.cpp" />
    <ClCompile Include="Game\Object\Test_Unit.cpp" />
    <ClCompile Include="Game\UI\ExitButton.cpp" />
    <ClCompile Include="Game\UI\ReadyButton.cpp" />
    <ClCompile Include="Game\UI\TitleImage.cpp" />
    <ClCompile Include="Game\UI\UserImage.cpp" />
    <ClCompile Include="Game\Object\Grid.cpp" />
    <ClCompile Include="System\MinimapQueue.cpp" />
    <ClCompile Include="GameManager\GameManager.cpp" />
    <ClCompile Include="Game\UI\Card.cpp" />
    <ClCompile Include="Game\UI\CardTable.cpp" />
    <ClCompile Include="ClientNetwork\YunoClientNetwork.cpp" />
    <ClCompile Include="GamePCH\pch.cpp" />
    <ClCompile Include="Game\GameApp.cpp" />
    <ClCompile Include="Game\Object\AnimTest.cpp" />
    <ClCompile Include="Game\Object\Building.cpp" />
    <ClCompile Include="Game\Object\Dwarf.cpp" />
    <ClCompile Include="Scenes\PhaseScene.cpp" />
    <ClCompile Include="Scenes\RenderTest.cpp" />
    <ClCompile Include="System\GridFactory.cpp" />
    <ClCompile Include="System\MinimapGridSystem.cpp" />
    <ClCompile Include="System\PlayGridSystem.cpp" />
    <ClCompile Include="main.cpp" />
    <ClCompile Include="Game\Object\Triangle.cpp" />
    <ClCompile Include="Game\Object\Quad.cpp" />
    <ClCompile Include="System\PlayQueue.cpp" />
    <ClCompile Include="Scenes\PlayScene.cpp" />
    <ClCompile Include="Scenes\SceneTemplate\SceneTemplate.cpp" />
    <ClCompile Include="Scenes\TitleScene.cpp" />
    <ClCompile Include="Scenes\UIScene.cpp" />
    <ClCompile Include="Scenes\WeaponSelectScene.cpp" />
    <ClCompile Include="Game\UI\WeaponButton.cpp" />
    <ClCompile Include="Scenes\Title.cpp" />
    <ClCompile Include="Game\Object\UnitGridBox.cpp" />
    <ClCompile Include="Game\Object\UnitGridLine.cpp" />
    <ClCompile Include="Game\Object\UnitGridSystem.cpp" />
    <ClCompile Include="Game\Object\UnitPiece.cpp" />
    <ClCompile Include="Game\Object\UnitTile.cpp" />
    <ClCompile Include="Game\UI\WidgetPiece.cpp" />
    <ClCompile Include="Game\UI\WidgetTile.cpp" />
    <ClCompile Include="MinimapTile.cpp" />
  </ItemGroup>
  <ItemGroup>
    <ClInclude Include="CardConfirmArea.h" />
    <ClInclude Include="Game\UI\WidgetGridLine.h" />
    <ClInclude Include="Minimap.h" />
    <ClInclude Include="PlayerIcon.h" />
    <ClInclude Include="Emoji.h" />
    <ClInclude Include="Game\UI\CardCancelButton.h" />
    <ClInclude Include="Game\UI\CardConfirmButton.h" />
    <ClInclude Include="Game\UI\CardConfirmPanel.h" />
    <ClInclude Include="Game\UI\CardSelectionPanel.h" />
    <ClInclude Include="HealthGauge.h" />
    <ClInclude Include="HealthBar.h" />
    <ClInclude Include="SceneChangeButton.h" />
    <ClInclude Include="SpeechBubble.h" />
    <ClInclude Include="StaminaBar.h" />
    <ClInclude Include="StaminaGauge.h" />
    <ClInclude Include="System\BattlePackets.h" />
    <ClInclude Include="System\CardManager.h" />
    <ClInclude Include="Game\Object\CardQueue.h" />
    <ClInclude Include="System\CardRangeManager.h" />
    <ClInclude Include="GameManager\SceneState.h" />
    <ClInclude Include="Game\UI\ButtonTemplate.h" />
    <ClInclude Include="Game\UI\CardSlot.h" />
    <ClInclude Include="Game\Object\Test_Unit.h" />
    <ClInclude Include="Game\UI\ExitButton.h" />
    <ClInclude Include="Game\UI\ReadyButton.h" />
    <ClInclude Include="Game\UI\TitleImage.h" />
    <ClInclude Include="Game\UI\UserImage.h" />
    <ClInclude Include="Game\Object\Grid.h" />
    <ClInclude Include="System\MinimapQueue.h" />
    <ClInclude Include="GameManager\GameManager.h" />
    <ClInclude Include="Game\UI\Card.h" />
    <ClInclude Include="Game\UI\CardTable.h" />
    <ClInclude Include="ClientNetwork\YunoClientNetwork.h" />
    <ClInclude Include="GamePCH\pch.h" />
    <ClInclude Include="Game\GameApp.h" />
    <ClInclude Include="Game\Object\AnimTest.h" />
    <ClInclude Include="Game\Object\Building.h" />
    <ClInclude Include="Game\Object\Dwarf.h" />
    <ClInclude Include="Game\Object\Triangle.h" />
    <ClInclude Include="Game\Object\Quad.h" />
    <ClInclude Include="Game\Object\CardData.h" />
    <ClInclude Include="Scenes\PhaseScene.h" />
    <ClInclude Include="System\PhaseScene_InputContext.h" />
    <ClInclude Include="Scenes\RenderTest.h" />
    <ClInclude Include="System\GridFactory.h" />
    <ClInclude Include="System\MinimapGridSystem.h" />
    <ClInclude Include="Game\Object\PieceHelper.h" />
    <ClInclude Include="System\PlayGridSystem.h" />
    <ClInclude Include="System\IGridSystem.h" />
    <ClInclude Include="System\PlayQueue.h" />
    <ClInclude Include="Scenes\PlayScene.h" />
    <ClInclude Include="Scenes\SceneTemplate\SceneTemplate.h" />
    <ClInclude Include="Scenes\TitleScene.h" />
    <ClInclude Include="Scenes\UIScene.h" />
    <ClInclude Include="System\Game_InputContext.h" />
    <ClInclude Include="System\SettingScene_InputContext.h" />
    <ClInclude Include="Game\Object\TileHelper.h" />
    <ClInclude Include="System\UIScene_InputContext.h" />
    <ClInclude Include="Game\UI\UIWidgets.h" />
    <ClInclude Include="Scenes\WeaponSelectScene.h" />
    <ClInclude Include="Game\UI\WeaponButton.h" />
    <ClInclude Include="Scenes\Title.h" />
    <ClInclude Include="Game\Object\UnitGridBox.h" />
    <ClInclude Include="Game\Object\UnitGridLine.h" />
    <ClInclude Include="Game\Object\UnitGridSystem.h" />
    <ClInclude Include="Game\Object\UnitPiece.h" />
    <ClInclude Include="Game\Object\UnitTile.h" />
    <ClInclude Include="System\WeaponSelectScene_InputContext.h" />
    <ClInclude Include="Game\UI\WidgetPiece.h" />
    <ClInclude Include="Game\UI\WidgetTile.h" />
    <ClInclude Include="TitleScene_InputContext.h" />
    <ClInclude Include="UI_InputContext.h" />
    <ClInclude Include="utilityClass.h" />
    <ClInclude Include="MinimapTile.h" />
  </ItemGroup>
</Project>