<?xml version="1.0" encoding="utf-8"?>
<Project ToolsVersion="4.0" xmlns="http://schemas.microsoft.com/developer/msbuild/2003">
  <!-- ===== Filters (folder view in Solution Explorer) ===== -->
  <ItemGroup>
    <Filter Include="EnginePCH">
      <UniqueIdentifier>{A1C7EAA0-4F7A-4E6C-9F47-7AA0F3B8E001}</UniqueIdentifier>
    </Filter>
    <Filter Include="Private">
      <UniqueIdentifier>{A1C7EAA0-4F7A-4E6C-9F47-7AA0F3B8E002}</UniqueIdentifier>
    </Filter>
    <Filter Include="Private\Input">
      <UniqueIdentifier>{A1C7EAA0-4F7A-4E6C-9F47-7AA0F3B8E004}</UniqueIdentifier>
    </Filter>
    <Filter Include="Private\Renderer">
      <UniqueIdentifier>{A1C7EAA0-4F7A-4E6C-9F47-7AA0F3B8E005}</UniqueIdentifier>
    </Filter>
    <Filter Include="Private\Renderer\Mesh">
      <UniqueIdentifier>{A1C7EAA0-4F7A-4E6C-9F47-7AA0F3B8E006}</UniqueIdentifier>
    </Filter>
    <Filter Include="Private\Renderer\RenderPass">
      <UniqueIdentifier>{A1C7EAA0-4F7A-4E6C-9F47-7AA0F3B8E007}</UniqueIdentifier>
    </Filter>
    <Filter Include="Private\Renderer\Shader">
      <UniqueIdentifier>{A1C7EAA0-4F7A-4E6C-9F47-7AA0F3B8E008}</UniqueIdentifier>
    </Filter>
    <Filter Include="Private\Renderer\ConstBuffer">
      <UniqueIdentifier>{A1C7EAA0-4F7A-4E6C-9F47-7AA0F3B8E009}</UniqueIdentifier>
    </Filter>
    <Filter Include="Private\Renderer\Material">
      <UniqueIdentifier>{A1C7EAA0-4F7A-4E6C-9F47-7AA0F3B8E00A}</UniqueIdentifier>
    </Filter>
    <Filter Include="Private\Resource">
      <UniqueIdentifier>{A1C7EAA0-4F7A-4E6C-9F47-7AA0F3B8E00C}</UniqueIdentifier>
    </Filter>
    <Filter Include="Private\Timer">
      <UniqueIdentifier>{A1C7EAA0-4F7A-4E6C-9F47-7AA0F3B8E00E}</UniqueIdentifier>
    </Filter>
    <Filter Include="Private\Window">
      <UniqueIdentifier>{A1C7EAA0-4F7A-4E6C-9F47-7AA0F3B8E00F}</UniqueIdentifier>
    </Filter>
    <Filter Include="Public">
      <UniqueIdentifier>{A1C7EAA0-4F7A-4E6C-9F47-7AA0F3B8E010}</UniqueIdentifier>
    </Filter>
    <Filter Include="Public\Camera">
      <UniqueIdentifier>{A1C7EAA0-4F7A-4E6C-9F47-7AA0F3B8E011}</UniqueIdentifier>
    </Filter>
    <Filter Include="Public\Input">
      <UniqueIdentifier>{A1C7EAA0-4F7A-4E6C-9F47-7AA0F3B8E012}</UniqueIdentifier>
    </Filter>
    <Filter Include="Public\Interface">
      <UniqueIdentifier>{A1C7EAA0-4F7A-4E6C-9F47-7AA0F3B8E013}</UniqueIdentifier>
    </Filter>
    <Filter Include="Public\Math">
      <UniqueIdentifier>{A1C7EAA0-4F7A-4E6C-9F47-7AA0F3B8E014}</UniqueIdentifier>
    </Filter>
    <Filter Include="Public\Object">
      <UniqueIdentifier>{A1C7EAA0-4F7A-4E6C-9F47-7AA0F3B8E015}</UniqueIdentifier>
    </Filter>
    <Filter Include="Public\Renderer">
      <UniqueIdentifier>{A1C7EAA0-4F7A-4E6C-9F47-7AA0F3B8E016}</UniqueIdentifier>
    </Filter>
    <Filter Include="Shaders">
      <UniqueIdentifier>{A1C7EAA0-4F7A-4E6C-9F47-7AA0F3B8E017}</UniqueIdentifier>
    </Filter>
    <Filter Include="Shaders\Include">
      <UniqueIdentifier>{4cc2b856-b3d6-459a-9e23-866c449184b1}</UniqueIdentifier>
    </Filter>
    <Filter Include="Private\Scene">
      <UniqueIdentifier>{0170ffaa-52a9-4ad9-a9ea-a5490f1015d5}</UniqueIdentifier>
    </Filter>
    <Filter Include="Public\Parser">
      <UniqueIdentifier>{A1C7EAA0-4F7A-4E6C-9F47-7AA0F3B8E003}</UniqueIdentifier>
    </Filter>
    <Filter Include="Public\Singleton">
      <UniqueIdentifier>{A1C7EAA0-4F7A-4E6C-9F47-7AA0F3B8E00D}</UniqueIdentifier>
    </Filter>
  </ItemGroup>
  <!-- ===== Source files ===== -->
  <ItemGroup>
    <ClCompile Include="EnginePCH\pch.cpp">
      <Filter>EnginePCH</Filter>
    </ClCompile>
    <ClCompile Include="Private\Input\YunoInputSystem.cpp">
      <Filter>Private\Input</Filter>
    </ClCompile>
    <ClCompile Include="Private\Renderer\Mesh\YunoMeshBuffer.cpp">
      <Filter>Private\Renderer\Mesh</Filter>
    </ClCompile>
    <ClCompile Include="Private\Renderer\RenderPass\YunoRenderPass.cpp">
      <Filter>Private\Renderer\RenderPass</Filter>
    </ClCompile>
    <ClCompile Include="Private\Renderer\Shader\YunoShader.cpp">
      <Filter>Private\Renderer\Shader</Filter>
    </ClCompile>
    <ClCompile Include="Private\Renderer\Shader\YunoShaderCompiler.cpp">
      <Filter>Private\Renderer\Shader</Filter>
    </ClCompile>
    <ClCompile Include="Private\Renderer\YunoRenderer.cpp">
      <Filter>Private\Renderer</Filter>
    </ClCompile>
    <ClCompile Include="Private\Resource\YunoTextureManager.cpp">
      <Filter>Private\Resource</Filter>
    </ClCompile>
    <ClCompile Include="Private\Timer\YunoTimer.cpp">
      <Filter>Private\Timer</Filter>
    </ClCompile>
    <ClCompile Include="Private\Window\YunoWindow.cpp">
      <Filter>Private\Window</Filter>
    </ClCompile>
    <ClCompile Include="Private\YunoEngine.cpp">
      <Filter>Private</Filter>
    </ClCompile>
    <ClCompile Include="Public\Object\ObjectManager.cpp">
      <Filter>Public\Object</Filter>
    </ClCompile>
    <ClCompile Include="Public\Object\Unit.cpp">
      <Filter>Public\Object</Filter>
    </ClCompile>
    <ClCompile Include="Private\Scene\YunoSceneManager.cpp">
      <Filter>Private\Scene</Filter>
    </ClCompile>
<<<<<<< HEAD
<<<<<<< HEAD
=======
>>>>>>> 1178914 (화면에 뜨는데 파싱할 때 텍스쳐 핸들까지는 받는데 적용이 안됌)
    <ClCompile Include="Public\Renderer\Mesh.cpp">
      <Filter>Private\Renderer\Mesh</Filter>
    </ClCompile>
    <ClCompile Include="Public\Parser\Parser.cpp">
      <Filter>Public\Parser</Filter>
<<<<<<< HEAD
=======
    <ClCompile Include="Private\Renderer\Mesh\Mesh.cpp">
      <Filter>Private\Renderer\Model</Filter>
>>>>>>> 3eb4e1a (메모할거 있어서 중간 커밋)
=======
>>>>>>> 1178914 (화면에 뜨는데 파싱할 때 텍스쳐 핸들까지는 받는데 적용이 안됌)
    </ClCompile>
  </ItemGroup>
  <!-- ===== Header files ===== -->
  <ItemGroup>
    <ClInclude Include="EnginePCH\pch.h">
      <Filter>EnginePCH</Filter>
    </ClInclude>
    <ClInclude Include="Private\Input\InputState.h">
      <Filter>Private\Input</Filter>
    </ClInclude>
    <ClInclude Include="Private\Input\YunoInputSystem.h">
      <Filter>Private\Input</Filter>
    </ClInclude>
    <ClInclude Include="Private\Renderer\Material\YunoMaterial.h">
      <Filter>Private\Renderer\Material</Filter>
    </ClInclude>
    <ClInclude Include="Private\Resource\YunoTextureManager.h">
      <Filter>Private\Resource</Filter>
    </ClInclude>
    <ClInclude Include="Private\Singleton\Singleton.h">
      <Filter>Public\Singleton</Filter>
    </ClInclude>
    <ClInclude Include="Private\Renderer\ConstBuffer\YunoConstantBuffers.h">
      <Filter>Private\Renderer\ConstBuffer</Filter>
    </ClInclude>
    <ClInclude Include="Private\Renderer\Mesh\YunoMeshBuffer.h">
      <Filter>Private\Renderer\Mesh</Filter>
    </ClInclude>
    <ClInclude Include="Private\Renderer\RenderPass\YunoRenderPass.h">
      <Filter>Private\Renderer\RenderPass</Filter>
    </ClInclude>
    <ClInclude Include="Private\Renderer\Shader\YunoShader.h">
      <Filter>Private\Renderer\Shader</Filter>
    </ClInclude>
    <ClInclude Include="Private\Renderer\Shader\YunoShaderCompiler.h">
      <Filter>Private\Renderer\Shader</Filter>
    </ClInclude>
    <ClInclude Include="Private\Renderer\YunoRenderer.h">
      <Filter>Private\Renderer</Filter>
    </ClInclude>
    <ClInclude Include="Private\Timer\YunoTimer.h">
      <Filter>Private\Timer</Filter>
    </ClInclude>
    <ClInclude Include="Private\Window\YunoWindow.h">
      <Filter>Private\Window</Filter>
    </ClInclude>
    <ClInclude Include="Public\Camera\YunoCamera.h">
      <Filter>Public\Camera</Filter>
    </ClInclude>
    <ClInclude Include="Public\Input\InputEvent.h">
      <Filter>Public\Input</Filter>
    </ClInclude>
    <ClInclude Include="Public\Interface\IInputContext.h">
      <Filter>Public\Interface</Filter>
    </ClInclude>
    <ClInclude Include="Public\Interface\IGameApp.h">
      <Filter>Public\Interface</Filter>
    </ClInclude>
    <ClInclude Include="Public\Interface\IInput.h">
      <Filter>Public\Interface</Filter>
    </ClInclude>
    <ClInclude Include="Public\Interface\IMaterial.h">
      <Filter>Public\Interface</Filter>
    </ClInclude>
    <ClInclude Include="Public\Interface\IMesh.h">
      <Filter>Public\Interface</Filter>
    </ClInclude>
    <ClInclude Include="Public\Interface\IRenderer.h">
      <Filter>Public\Interface</Filter>
    </ClInclude>
    <ClInclude Include="Public\Interface\IResourceManager.h">
      <Filter>Public\Interface</Filter>
    </ClInclude>
    <ClInclude Include="Public\Interface\ISceneManager.h">
      <Filter>Public\Interface</Filter>
    </ClInclude>
    <ClInclude Include="Public\Interface\ISound.h">
      <Filter>Public\Interface</Filter>
    </ClInclude>
    <ClInclude Include="Public\Interface\ITextureManager.h">
      <Filter>Public\Interface</Filter>
    </ClInclude>
    <ClInclude Include="Public\Interface\ITime.h">
      <Filter>Public\Interface</Filter>
    </ClInclude>
    <ClInclude Include="Public\Interface\IWindow.h">
      <Filter>Public\Interface</Filter>
    </ClInclude>
    <ClInclude Include="Public\Math\YunoTransform.h">
      <Filter>Public\Math</Filter>
    </ClInclude>
    <ClInclude Include="Public\Object\ObjectManager.h">
      <Filter>Public\Object</Filter>
    </ClInclude>
    <ClInclude Include="Public\Object\Unit.h">
      <Filter>Public\Object</Filter>
    </ClInclude>
    <ClInclude Include="Public\Renderer\MaterialDesc.h">
      <Filter>Public\Renderer</Filter>
    </ClInclude>
    <ClInclude Include="Public\Renderer\RenderTypes.h">
      <Filter>Public\Renderer</Filter>
    </ClInclude>
    <ClInclude Include="Public\YunoEngine.h">
      <Filter>Public</Filter>
    </ClInclude>
    <ClInclude Include="Private\Scene\YunoSceneManager.h">
      <Filter>Private\Scene</Filter>
    </ClInclude>
    <ClInclude Include="Public\Interface\IScene.h">
      <Filter>Public\Interface</Filter>
    </ClInclude>
<<<<<<< HEAD
<<<<<<< HEAD
=======
>>>>>>> 1178914 (화면에 뜨는데 파싱할 때 텍스쳐 핸들까지는 받는데 적용이 안됌)
    <ClInclude Include="Public\Renderer\Mesh.h">
      <Filter>Private\Renderer\Mesh</Filter>
    </ClInclude>
    <ClInclude Include="Public\Parser\Parser.h">
      <Filter>Public\Parser</Filter>
<<<<<<< HEAD
=======
    <ClInclude Include="Private\Renderer\Mesh\Mesh.h">
      <Filter>Private\Renderer\Model</Filter>
>>>>>>> 3eb4e1a (메모할거 있어서 중간 커밋)
=======
>>>>>>> 1178914 (화면에 뜨는데 파싱할 때 텍스쳐 핸들까지는 받는데 적용이 안됌)
    </ClInclude>
  </ItemGroup>
  <!-- ===== Shaders / None ===== -->
  <ItemGroup>
    <FxCompile Include="..\Assets\Shaders\BasicColor.hlsl">
      <Filter>Shaders</Filter>
    </FxCompile>
    <FxCompile Include="..\Assets\Shaders\DebugGrid.hlsl">
      <Filter>Shaders</Filter>
    </FxCompile>
  </ItemGroup>
  <ItemGroup>
    <None Include="..\Assets\Shaders\ConstantBuffers.hlsli">
      <Filter>Shaders\Include</Filter>
    </None>
    <None Include="..\Assets\Shaders\TexturesSampler.hlsli">
      <Filter>Shaders\Include</Filter>
    </None>
  </ItemGroup>
</Project>