<?xml version="1.0" encoding="utf-8"?>
<Project ToolsVersion="4.0" xmlns="http://schemas.microsoft.com/developer/msbuild/2003">
  <ItemGroup>
    <Filter Include="Public">
      <UniqueIdentifier>{85128bc1-ffec-4bd4-943f-ebf61aae4afe}</UniqueIdentifier>
    </Filter>
    <Filter Include="Private">
      <UniqueIdentifier>{13137a3c-78ff-49e9-b9ee-1aa7ab95e635}</UniqueIdentifier>
    </Filter>
    <Filter Include="EnginePCH">
      <UniqueIdentifier>{881aa38b-79e5-4e14-a444-41e460e49bc6}</UniqueIdentifier>
    </Filter>
    <Filter Include="Public\Interface">
      <UniqueIdentifier>{0901a40a-eefe-4adb-a519-672acbd888e7}</UniqueIdentifier>
    </Filter>
  </ItemGroup>
  <ItemGroup>
    <ClInclude Include="Public\YunoEngine.h">
      <Filter>Public</Filter>
    </ClInclude>
    <ClInclude Include="EnginePCH\pch.h">
      <Filter>EnginePCH</Filter>
    </ClInclude>
    <ClInclude Include="Public\Interface\IRenderer.h">
      <Filter>Public\Interface</Filter>
    </ClInclude>
    <ClInclude Include="Public\Interface\IInput.h">
      <Filter>Public\Interface</Filter>
    </ClInclude>
    <ClInclude Include="Public\Interface\ISound.h">
      <Filter>Public\Interface</Filter>
    </ClInclude>
    <ClInclude Include="Public\Interface\ITime.h">
      <Filter>Public\Interface</Filter>
    </ClInclude>
    <ClInclude Include="Public\Interface\ISceneManager.h">
      <Filter>Public\Interface</Filter>
    </ClInclude>
    <ClInclude Include="Public\Interface\IResoureceManager.h">
      <Filter>Public\Interface</Filter>
    </ClInclude>
    <ClInclude Include="Public\Interface\IMeshManager.h">
      <Filter>Public\Interface</Filter>
    </ClInclude>
    <ClInclude Include="Public\Interface\ITextureManager.h">
      <Filter>Public\Interface</Filter>
    </ClInclude>
    <ClInclude Include="Public\Interface\IGameApp.h">
      <Filter>Public\Interface</Filter>
    </ClInclude>
    <ClInclude Include="Public\Interface\IMaterialManager.h" />
    <ClInclude Include="Public\Interface\IWindow.h" />
  </ItemGroup>
  <ItemGroup>
    <ClCompile Include="Private\YunoEngine.cpp">
      <Filter>Private</Filter>
    </ClCompile>
    <ClCompile Include="EnginePCH\pch.cpp">
      <Filter>EnginePCH</Filter>
    </ClCompile>
  </ItemGroup>
</Project>