<?xml version="1.0" encoding="utf-8"?>
<Project ToolsVersion="4.0" xmlns="http://schemas.microsoft.com/developer/msbuild/2003">
  <ItemGroup>
    <Filter Include="ServerNet">
      <UniqueIdentifier>{6292b59c-ca1c-41a5-a493-3472fecd1064}</UniqueIdentifier>
    </Filter>
  </ItemGroup>
  <ItemGroup>
    <ClCompile Include="ServerNet\NetworkServer.cpp" />
    <ClCompile Include="ServerNet\Session.cpp" />
  </ItemGroup>
  <ItemGroup>
    <ClInclude Include="ServerNet\NetworkServer.h" />
    <ClInclude Include="ServerNet\Session.h" />
  </ItemGroup>
</Project>